// !$*UTF8*$!
{
	archiveVersion = 1;
	classes = {
	};
	objectVersion = 48;
	objects = {

/* Begin PBXBuildFile section */
		1B46382520412C34008EDC38 /* AppDelegate.m in Sources */ = {isa = PBXBuildFile; fileRef = 1B46382420412C34008EDC38 /* AppDelegate.m */; };
		1B46382820412C34008EDC38 /* ViewController.m in Sources */ = {isa = PBXBuildFile; fileRef = 1B46382720412C34008EDC38 /* ViewController.m */; };
		1B46382B20412C34008EDC38 /* Main.storyboard in Resources */ = {isa = PBXBuildFile; fileRef = 1B46382920412C34008EDC38 /* Main.storyboard */; };
		1B46382D20412C34008EDC38 /* Assets.xcassets in Resources */ = {isa = PBXBuildFile; fileRef = 1B46382C20412C34008EDC38 /* Assets.xcassets */; };
		1B46383020412C34008EDC38 /* LaunchScreen.storyboard in Resources */ = {isa = PBXBuildFile; fileRef = 1B46382E20412C34008EDC38 /* LaunchScreen.storyboard */; };
		1B46383320412C34008EDC38 /* main.m in Sources */ = {isa = PBXBuildFile; fileRef = 1B46383220412C34008EDC38 /* main.m */; };
		1B46384120412C46008EDC38 /* SecondViewController.m in Sources */ = {isa = PBXBuildFile; fileRef = 1B46383920412C45008EDC38 /* SecondViewController.m */; };
		1B46384220412C46008EDC38 /* GYRouter.m in Sources */ = {isa = PBXBuildFile; fileRef = 1B46383A20412C46008EDC38 /* GYRouter.m */; };
		1B46384320412C46008EDC38 /* GY404ViewController.m in Sources */ = {isa = PBXBuildFile; fileRef = 1B46383D20412C46008EDC38 /* GY404ViewController.m */; };
		1B46384920412E5D008EDC38 /* ThirdViewController.m in Sources */ = {isa = PBXBuildFile; fileRef = 1B46384820412E5D008EDC38 /* ThirdViewController.m */; };
/* End PBXBuildFile section */

/* Begin PBXFileReference section */
		1B46382020412C34008EDC38 /* GYRouter.app */ = {isa = PBXFileReference; explicitFileType = wrapper.application; includeInIndex = 0; path = GYRouter.app; sourceTree = BUILT_PRODUCTS_DIR; };
		1B46382320412C34008EDC38 /* AppDelegate.h */ = {isa = PBXFileReference; lastKnownFileType = sourcecode.c.h; path = AppDelegate.h; sourceTree = "<group>"; };
		1B46382420412C34008EDC38 /* AppDelegate.m */ = {isa = PBXFileReference; lastKnownFileType = sourcecode.c.objc; path = AppDelegate.m; sourceTree = "<group>"; };
		1B46382620412C34008EDC38 /* ViewController.h */ = {isa = PBXFileReference; lastKnownFileType = sourcecode.c.h; path = ViewController.h; sourceTree = "<group>"; };
		1B46382720412C34008EDC38 /* ViewController.m */ = {isa = PBXFileReference; lastKnownFileType = sourcecode.c.objc; path = ViewController.m; sourceTree = "<group>"; };
		1B46382A20412C34008EDC38 /* Base */ = {isa = PBXFileReference; lastKnownFileType = file.storyboard; name = Base; path = Base.lproj/Main.storyboard; sourceTree = "<group>"; };
		1B46382C20412C34008EDC38 /* Assets.xcassets */ = {isa = PBXFileReference; lastKnownFileType = folder.assetcatalog; path = Assets.xcassets; sourceTree = "<group>"; };
		1B46382F20412C34008EDC38 /* Base */ = {isa = PBXFileReference; lastKnownFileType = file.storyboard; name = Base; path = Base.lproj/LaunchScreen.storyboard; sourceTree = "<group>"; };
		1B46383120412C34008EDC38 /* Info.plist */ = {isa = PBXFileReference; lastKnownFileType = text.plist.xml; path = Info.plist; sourceTree = "<group>"; };
		1B46383220412C34008EDC38 /* main.m */ = {isa = PBXFileReference; lastKnownFileType = sourcecode.c.objc; path = main.m; sourceTree = "<group>"; };
		1B46383920412C45008EDC38 /* SecondViewController.m */ = {isa = PBXFileReference; fileEncoding = 4; lastKnownFileType = sourcecode.c.objc; path = SecondViewController.m; sourceTree = "<group>"; };
		1B46383A20412C46008EDC38 /* GYRouter.m */ = {isa = PBXFileReference; fileEncoding = 4; lastKnownFileType = sourcecode.c.objc; path = GYRouter.m; sourceTree = "<group>"; };
		1B46383B20412C46008EDC38 /* GYRouter.h */ = {isa = PBXFileReference; fileEncoding = 4; lastKnownFileType = sourcecode.c.h; path = GYRouter.h; sourceTree = "<group>"; };
		1B46383D20412C46008EDC38 /* GY404ViewController.m */ = {isa = PBXFileReference; fileEncoding = 4; lastKnownFileType = sourcecode.c.objc; path = GY404ViewController.m; sourceTree = "<group>"; };
		1B46383E20412C46008EDC38 /* SecondViewController.h */ = {isa = PBXFileReference; fileEncoding = 4; lastKnownFileType = sourcecode.c.h; path = SecondViewController.h; sourceTree = "<group>"; };
		1B46383F20412C46008EDC38 /* GY404ViewController.h */ = {isa = PBXFileReference; fileEncoding = 4; lastKnownFileType = sourcecode.c.h; path = GY404ViewController.h; sourceTree = "<group>"; };
		1B46384620412CFA008EDC38 /* PrefixHeader.pch */ = {isa = PBXFileReference; lastKnownFileType = sourcecode.c.h; path = PrefixHeader.pch; sourceTree = "<group>"; };
		1B46384720412E5D008EDC38 /* ThirdViewController.h */ = {isa = PBXFileReference; lastKnownFileType = sourcecode.c.h; path = ThirdViewController.h; sourceTree = "<group>"; };
		1B46384820412E5D008EDC38 /* ThirdViewController.m */ = {isa = PBXFileReference; lastKnownFileType = sourcecode.c.objc; path = ThirdViewController.m; sourceTree = "<group>"; };
/* End PBXFileReference section */

/* Begin PBXFrameworksBuildPhase section */
		1B46381D20412C34008EDC38 /* Frameworks */ = {
			isa = PBXFrameworksBuildPhase;
			buildActionMask = 2147483647;
			files = (
			);
			runOnlyForDeploymentPostprocessing = 0;
		};
/* End PBXFrameworksBuildPhase section */

/* Begin PBXGroup section */
		1B46381720412C34008EDC38 = {
			isa = PBXGroup;
			children = (
				1B46382220412C34008EDC38 /* GYRouter */,
				1B46382120412C34008EDC38 /* Products */,
			);
			sourceTree = "<group>";
		};
		1B46382120412C34008EDC38 /* Products */ = {
			isa = PBXGroup;
			children = (
				1B46382020412C34008EDC38 /* GYRouter.app */,
			);
			name = Products;
			sourceTree = "<group>";
		};
		1B46382220412C34008EDC38 /* GYRouter */ = {
			isa = PBXGroup;
			children = (
				1B46384520412C49008EDC38 /* GYRouter */,
				1B46382320412C34008EDC38 /* AppDelegate.h */,
				1B46382420412C34008EDC38 /* AppDelegate.m */,
				1B46382620412C34008EDC38 /* ViewController.h */,
				1B46382720412C34008EDC38 /* ViewController.m */,
				1B46383E20412C46008EDC38 /* SecondViewController.h */,
				1B46383920412C45008EDC38 /* SecondViewController.m */,
				1B46384720412E5D008EDC38 /* ThirdViewController.h */,
				1B46384820412E5D008EDC38 /* ThirdViewController.m */,
				1B46382920412C34008EDC38 /* Main.storyboard */,
				1B46382C20412C34008EDC38 /* Assets.xcassets */,
				1B46382E20412C34008EDC38 /* LaunchScreen.storyboard */,
				1B46383120412C34008EDC38 /* Info.plist */,
				1B46383220412C34008EDC38 /* main.m */,
				1B46384620412CFA008EDC38 /* PrefixHeader.pch */,
			);
			path = GYRouter;
			sourceTree = "<group>";
		};
		1B46384520412C49008EDC38 /* GYRouter */ = {
			isa = PBXGroup;
			children = (
				1B46383B20412C46008EDC38 /* GYRouter.h */,
				1B46383A20412C46008EDC38 /* GYRouter.m */,
				1B46383F20412C46008EDC38 /* GY404ViewController.h */,
				1B46383D20412C46008EDC38 /* GY404ViewController.m */,
			);
			path = GYRouter;
			sourceTree = "<group>";
		};
/* End PBXGroup section */

/* Begin PBXNativeTarget section */
		1B46381F20412C34008EDC38 /* GYRouter */ = {
			isa = PBXNativeTarget;
			buildConfigurationList = 1B46383620412C34008EDC38 /* Build configuration list for PBXNativeTarget "GYRouter" */;
			buildPhases = (
				1B46381C20412C34008EDC38 /* Sources */,
				1B46381D20412C34008EDC38 /* Frameworks */,
				1B46381E20412C34008EDC38 /* Resources */,
			);
			buildRules = (
			);
			dependencies = (
			);
			name = GYRouter;
			productName = GYRouter;
			productReference = 1B46382020412C34008EDC38 /* GYRouter.app */;
			productType = "com.apple.product-type.application";
		};
/* End PBXNativeTarget section */

/* Begin PBXProject section */
		1B46381820412C34008EDC38 /* Project object */ = {
			isa = PBXProject;
			attributes = {
				LastUpgradeCheck = 0920;
				TargetAttributes = {
					1B46381F20412C34008EDC38 = {
						CreatedOnToolsVersion = 9.2;
						ProvisioningStyle = Manual;
					};
				};
			};
			buildConfigurationList = 1B46381B20412C34008EDC38 /* Build configuration list for PBXProject "GYRouter" */;
			compatibilityVersion = "Xcode 8.0";
			developmentRegion = en;
			hasScannedForEncodings = 0;
			knownRegions = (
				en,
				Base,
			);
			mainGroup = 1B46381720412C34008EDC38;
			productRefGroup = 1B46382120412C34008EDC38 /* Products */;
			projectDirPath = "";
			projectRoot = "";
			targets = (
				1B46381F20412C34008EDC38 /* GYRouter */,
			);
		};
/* End PBXProject section */

/* Begin PBXResourcesBuildPhase section */
		1B46381E20412C34008EDC38 /* Resources */ = {
			isa = PBXResourcesBuildPhase;
			buildActionMask = 2147483647;
			files = (
				1B46383020412C34008EDC38 /* LaunchScreen.storyboard in Resources */,
				1B46382D20412C34008EDC38 /* Assets.xcassets in Resources */,
				1B46382B20412C34008EDC38 /* Main.storyboard in Resources */,
			);
			runOnlyForDeploymentPostprocessing = 0;
		};
/* End PBXResourcesBuildPhase section */

/* Begin PBXSourcesBuildPhase section */
		1B46381C20412C34008EDC38 /* Sources */ = {
			isa = PBXSourcesBuildPhase;
			buildActionMask = 2147483647;
			files = (
				1B46384120412C46008EDC38 /* SecondViewController.m in Sources */,
				1B46384920412E5D008EDC38 /* ThirdViewController.m in Sources */,
				1B46384220412C46008EDC38 /* GYRouter.m in Sources */,
				1B46382820412C34008EDC38 /* ViewController.m in Sources */,
				1B46383320412C34008EDC38 /* main.m in Sources */,
				1B46382520412C34008EDC38 /* AppDelegate.m in Sources */,
				1B46384320412C46008EDC38 /* GY404ViewController.m in Sources */,
			);
			runOnlyForDeploymentPostprocessing = 0;
		};
/* End PBXSourcesBuildPhase section */

/* Begin PBXVariantGroup section */
		1B46382920412C34008EDC38 /* Main.storyboard */ = {
			isa = PBXVariantGroup;
			children = (
				1B46382A20412C34008EDC38 /* Base */,
			);
			name = Main.storyboard;
			sourceTree = "<group>";
		};
		1B46382E20412C34008EDC38 /* LaunchScreen.storyboard */ = {
			isa = PBXVariantGroup;
			children = (
				1B46382F20412C34008EDC38 /* Base */,
			);
			name = LaunchScreen.storyboard;
			sourceTree = "<group>";
		};
/* End PBXVariantGroup section */

/* Begin XCBuildConfiguration section */
		1B46383420412C34008EDC38 /* Debug */ = {
			isa = XCBuildConfiguration;
			buildSettings = {
				ALWAYS_SEARCH_USER_PATHS = NO;
				CLANG_ANALYZER_NONNULL = YES;
				CLANG_ANALYZER_NUMBER_OBJECT_CONVERSION = YES_AGGRESSIVE;
				CLANG_CXX_LANGUAGE_STANDARD = "gnu++14";
				CLANG_CXX_LIBRARY = "libc++";
				CLANG_ENABLE_MODULES = YES;
				CLANG_ENABLE_OBJC_ARC = YES;
				CLANG_WARN_BLOCK_CAPTURE_AUTORELEASING = YES;
				CLANG_WARN_BOOL_CONVERSION = YES;
				CLANG_WARN_COMMA = YES;
				CLANG_WARN_CONSTANT_CONVERSION = YES;
				CLANG_WARN_DIRECT_OBJC_ISA_USAGE = YES_ERROR;
				CLANG_WARN_DOCUMENTATION_COMMENTS = YES;
				CLANG_WARN_EMPTY_BODY = YES;
				CLANG_WARN_ENUM_CONVERSION = YES;
				CLANG_WARN_INFINITE_RECURSION = YES;
				CLANG_WARN_INT_CONVERSION = YES;
				CLANG_WARN_NON_LITERAL_NULL_CONVERSION = YES;
				CLANG_WARN_OBJC_LITERAL_CONVERSION = YES;
				CLANG_WARN_OBJC_ROOT_CLASS = YES_ERROR;
				CLANG_WARN_RANGE_LOOP_ANALYSIS = YES;
				CLANG_WARN_STRICT_PROTOTYPES = YES;
				CLANG_WARN_SUSPICIOUS_MOVE = YES;
				CLANG_WARN_UNGUARDED_AVAILABILITY = YES_AGGRESSIVE;
				CLANG_WARN_UNREACHABLE_CODE = YES;
				CLANG_WARN__DUPLICATE_METHOD_MATCH = YES;
				CODE_SIGN_IDENTITY = "iPhone Developer";
				COPY_PHASE_STRIP = NO;
				DEBUG_INFORMATION_FORMAT = dwarf;
				ENABLE_STRICT_OBJC_MSGSEND = YES;
				ENABLE_TESTABILITY = YES;
				GCC_C_LANGUAGE_STANDARD = gnu11;
				GCC_DYNAMIC_NO_PIC = NO;
				GCC_NO_COMMON_BLOCKS = YES;
				GCC_OPTIMIZATION_LEVEL = 0;
				GCC_PREPROCESSOR_DEFINITIONS = (
					"DEBUG=1",
					"$(inherited)",
				);
				GCC_WARN_64_TO_32_BIT_CONVERSION = YES;
				GCC_WARN_ABOUT_RETURN_TYPE = YES_ERROR;
				GCC_WARN_UNDECLARED_SELECTOR = YES;
				GCC_WARN_UNINITIALIZED_AUTOS = YES_AGGRESSIVE;
				GCC_WARN_UNUSED_FUNCTION = YES;
				GCC_WARN_UNUSED_VARIABLE = YES;
				IPHONEOS_DEPLOYMENT_TARGET = 11.2;
				MTL_ENABLE_DEBUG_INFO = YES;
				ONLY_ACTIVE_ARCH = YES;
				SDKROOT = iphoneos;
			};
			name = Debug;
		};
		1B46383520412C34008EDC38 /* Release */ = {
			isa = XCBuildConfiguration;
			buildSettings = {
				ALWAYS_SEARCH_USER_PATHS = NO;
				CLANG_ANALYZER_NONNULL = YES;
				CLANG_ANALYZER_NUMBER_OBJECT_CONVERSION = YES_AGGRESSIVE;
				CLANG_CXX_LANGUAGE_STANDARD = "gnu++14";
				CLANG_CXX_LIBRARY = "libc++";
				CLANG_ENABLE_MODULES = YES;
				CLANG_ENABLE_OBJC_ARC = YES;
				CLANG_WARN_BLOCK_CAPTURE_AUTORELEASING = YES;
				CLANG_WARN_BOOL_CONVERSION = YES;
				CLANG_WARN_COMMA = YES;
				CLANG_WARN_CONSTANT_CONVERSION = YES;
				CLANG_WARN_DIRECT_OBJC_ISA_USAGE = YES_ERROR;
				CLANG_WARN_DOCUMENTATION_COMMENTS = YES;
				CLANG_WARN_EMPTY_BODY = YES;
				CLANG_WARN_ENUM_CONVERSION = YES;
				CLANG_WARN_INFINITE_RECURSION = YES;
				CLANG_WARN_INT_CONVERSION = YES;
				CLANG_WARN_NON_LITERAL_NULL_CONVERSION = YES;
				CLANG_WARN_OBJC_LITERAL_CONVERSION = YES;
				CLANG_WARN_OBJC_ROOT_CLASS = YES_ERROR;
				CLANG_WARN_RANGE_LOOP_ANALYSIS = YES;
				CLANG_WARN_STRICT_PROTOTYPES = YES;
				CLANG_WARN_SUSPICIOUS_MOVE = YES;
				CLANG_WARN_UNGUARDED_AVAILABILITY = YES_AGGRESSIVE;
				CLANG_WARN_UNREACHABLE_CODE = YES;
				CLANG_WARN__DUPLICATE_METHOD_MATCH = YES;
				CODE_SIGN_IDENTITY = "iPhone Developer";
				COPY_PHASE_STRIP = NO;
				DEBUG_INFORMATION_FORMAT = "dwarf-with-dsym";
				ENABLE_NS_ASSERTIONS = NO;
				ENABLE_STRICT_OBJC_MSGSEND = YES;
				GCC_C_LANGUAGE_STANDARD = gnu11;
				GCC_NO_COMMON_BLOCKS = YES;
				GCC_WARN_64_TO_32_BIT_CONVERSION = YES;
				GCC_WARN_ABOUT_RETURN_TYPE = YES_ERROR;
				GCC_WARN_UNDECLARED_SELECTOR = YES;
				GCC_WARN_UNINITIALIZED_AUTOS = YES_AGGRESSIVE;
				GCC_WARN_UNUSED_FUNCTION = YES;
				GCC_WARN_UNUSED_VARIABLE = YES;
				IPHONEOS_DEPLOYMENT_TARGET = 11.2;
				MTL_ENABLE_DEBUG_INFO = NO;
				SDKROOT = iphoneos;
				VALIDATE_PRODUCT = YES;
			};
			name = Release;
		};
		1B46383720412C34008EDC38 /* Debug */ = {
			isa = XCBuildConfiguration;
			buildSettings = {
				ASSETCATALOG_COMPILER_APPICON_NAME = AppIcon;
				CODE_SIGN_STYLE = Manual;
				DEVELOPMENT_TEAM = "";
				GCC_PREFIX_HEADER = "$(SRCROOT)/GYRouter/PrefixHeader.pch";
				INFOPLIST_FILE = GYRouter/Info.plist;
				IPHONEOS_DEPLOYMENT_TARGET = 10.0;
				LD_RUNPATH_SEARCH_PATHS = "$(inherited) @executable_path/Frameworks";
				PRODUCT_BUNDLE_IDENTIFIER = com.schnj.GYRouter;
				PRODUCT_NAME = "$(TARGET_NAME)";
				PROVISIONING_PROFILE_SPECIFIER = "";
				TARGETED_DEVICE_FAMILY = "1,2";
			};
			name = Debug;
		};
		1B46383820412C34008EDC38 /* Release */ = {
			isa = XCBuildConfiguration;
			buildSettings = {
				ASSETCATALOG_COMPILER_APPICON_NAME = AppIcon;
				CODE_SIGN_STYLE = Manual;
				DEVELOPMENT_TEAM = "";
				GCC_PREFIX_HEADER = "$(SRCROOT)/GYRouter/PrefixHeader.pch";
				INFOPLIST_FILE = GYRouter/Info.plist;
				IPHONEOS_DEPLOYMENT_TARGET = 10.0;
				LD_RUNPATH_SEARCH_PATHS = "$(inherited) @executable_path/Frameworks";
				PRODUCT_BUNDLE_IDENTIFIER = com.schnj.GYRouter;
				PRODUCT_NAME = "$(TARGET_NAME)";
				PROVISIONING_PROFILE_SPECIFIER = "";
				TARGETED_DEVICE_FAMILY = "1,2";
			};
			name = Release;
		};
/* End XCBuildConfiguration section */

/* Begin XCConfigurationList section */
		1B46381B20412C34008EDC38 /* Build configuration list for PBXProject "GYRouter" */ = {
			isa = XCConfigurationList;
			buildConfigurations = (
				1B46383420412C34008EDC38 /* Debug */,
				1B46383520412C34008EDC38 /* Release */,
			);
			defaultConfigurationIsVisible = 0;
			defaultConfigurationName = Release;
		};
		1B46383620412C34008EDC38 /* Build configuration list for PBXNativeTarget "GYRouter" */ = {
			isa = XCConfigurationList;
			buildConfigurations = (
				1B46383720412C34008EDC38 /* Debug */,
				1B46383820412C34008EDC38 /* Release */,
			);
			defaultConfigurationIsVisible = 0;
			defaultConfigurationName = Release;
		};
/* End XCConfigurationList section */
	};
	rootObject = 1B46381820412C34008EDC38 /* Project object */;
}
